
Microsoft Visual Studio Solution File, Format Version 12.00
# Visual Studio Version 16
VisualStudioVersion = 16.0.29215.179
MinimumVisualStudioVersion = 10.0.40219.1
Project("{FAE04EC0-301F-11D3-BF4B-00C04F79EFBC}") = "Test_Img_Convert", "Test_Img_Convert\Test_Img_Convert.csproj", "{61BB984E-FD66-4E84-8EC8-4C9A8DC46990}"
EndProject
Global
	GlobalSection(SolutionConfigurationPlatforms) = preSolution
		Debug|Any CPU = Debug|Any CPU
		Release|Any CPU = Release|Any CPU
	EndGlobalSection
	GlobalSection(ProjectConfigurationPlatforms) = postSolution
		{61BB984E-FD66-4E84-8EC8-4C9A8DC46990}.Debug|Any CPU.ActiveCfg = Debug|Any CPU
		{61BB984E-FD66-4E84-8EC8-4C9A8DC46990}.Debug|Any CPU.Build.0 = Debug|Any CPU
		{61BB984E-FD66-4E84-8EC8-4C9A8DC46990}.Release|Any CPU.ActiveCfg = Release|Any CPU
		{61BB984E-FD66-4E84-8EC8-4C9A8DC46990}.Release|Any CPU.Build.0 = Release|Any CPU
	EndGlobalSection
	GlobalSection(SolutionProperties) = preSolution
		HideSolutionNode = FALSE
	EndGlobalSection
	GlobalSection(ExtensibilityGlobals) = postSolution
		SolutionGuid = {F943F1C9-CB8F-4F30-A40F-E13C10B9AEE6}
	EndGlobalSection
EndGlobal
